// !$*UTF8*$!
{
	archiveVersion = 1;
	classes = {
	};
	objectVersion = 52;
	objects = {

/* Begin PBXBuildFile section */
		FD1E4CC726745E7000BD2C34 /* Localizable.strings in Resources */ = {isa = PBXBuildFile; fileRef = FD1E4CC926745E7000BD2C34 /* Localizable.strings */; };
		FD1E4CE92674780600BD2C34 /* Strings.swift in Sources */ = {isa = PBXBuildFile; fileRef = FD1E4CE82674780600BD2C34 /* Strings.swift */; };
		FD1E4CEB2674A47200BD2C34 /* LocalizedString.swift in Sources */ = {isa = PBXBuildFile; fileRef = FD1E4CEA2674A47200BD2C34 /* LocalizedString.swift */; };
		FD88273C2679A37600BBEAB6 /* AppState.swift in Sources */ = {isa = PBXBuildFile; fileRef = FD88273B2679A37600BBEAB6 /* AppState.swift */; };
		FD88273E2679A3C300BBEAB6 /* AppReducer.swift in Sources */ = {isa = PBXBuildFile; fileRef = FD88273D2679A3C300BBEAB6 /* AppReducer.swift */; };
		FD8827402679A40600BBEAB6 /* Store.swift in Sources */ = {isa = PBXBuildFile; fileRef = FD88273F2679A40600BBEAB6 /* Store.swift */; };
		FD8827422679A75B00BBEAB6 /* RootState.swift in Sources */ = {isa = PBXBuildFile; fileRef = FD8827412679A75B00BBEAB6 /* RootState.swift */; };
		FD8827442679A80900BBEAB6 /* TabBarItem.swift in Sources */ = {isa = PBXBuildFile; fileRef = FD8827432679A80900BBEAB6 /* TabBarItem.swift */; };
		FD8827462679A98D00BBEAB6 /* RootReducer.swift in Sources */ = {isa = PBXBuildFile; fileRef = FD8827452679A98D00BBEAB6 /* RootReducer.swift */; };
		FD8827482679A9BF00BBEAB6 /* RootActions.swift in Sources */ = {isa = PBXBuildFile; fileRef = FD8827472679A9BF00BBEAB6 /* RootActions.swift */; };
		FD88274E2679D86D00BBEAB6 /* ChatsView.swift in Sources */ = {isa = PBXBuildFile; fileRef = FD88274D2679D86D00BBEAB6 /* ChatsView.swift */; };
		FD8827502679D88F00BBEAB6 /* ContactsView.swift in Sources */ = {isa = PBXBuildFile; fileRef = FD88274F2679D88F00BBEAB6 /* ContactsView.swift */; };
		FD8827522679D89C00BBEAB6 /* DiscoverView.swift in Sources */ = {isa = PBXBuildFile; fileRef = FD8827512679D89C00BBEAB6 /* DiscoverView.swift */; };
		FD8827542679D8A600BBEAB6 /* MeView.swift in Sources */ = {isa = PBXBuildFile; fileRef = FD8827532679D8A600BBEAB6 /* MeView.swift */; };
		FD882759267AF24500BBEAB6 /* ContactsList.swift in Sources */ = {isa = PBXBuildFile; fileRef = FD882758267AF24500BBEAB6 /* ContactsList.swift */; };
		FD88275B267AF27200BBEAB6 /* ContactsState.swift in Sources */ = {isa = PBXBuildFile; fileRef = FD88275A267AF27200BBEAB6 /* ContactsState.swift */; };
		FD88275D267AF2C300BBEAB6 /* ContactsReducer.swift in Sources */ = {isa = PBXBuildFile; fileRef = FD88275C267AF2C300BBEAB6 /* ContactsReducer.swift */; };
		FD88275F267AF2EB00BBEAB6 /* ContactsActions.swift in Sources */ = {isa = PBXBuildFile; fileRef = FD88275E267AF2EB00BBEAB6 /* ContactsActions.swift */; };
		FD882762267AFAAF00BBEAB6 /* ActivityIndicatorView.swift in Sources */ = {isa = PBXBuildFile; fileRef = FD882761267AFAAF00BBEAB6 /* ActivityIndicatorView.swift */; };
		FD882764267AFAD000BBEAB6 /* ErrorView.swift in Sources */ = {isa = PBXBuildFile; fileRef = FD882763267AFAD000BBEAB6 /* ErrorView.swift */; };
		FD882769267B499700BBEAB6 /* UserTests.swift in Sources */ = {isa = PBXBuildFile; fileRef = FD882768267B499700BBEAB6 /* UserTests.swift */; };
		FD882771267EE4E500BBEAB6 /* ContactsReducerTests.swift in Sources */ = {isa = PBXBuildFile; fileRef = FD882770267EE4E500BBEAB6 /* ContactsReducerTests.swift */; };
		FD882773267EFA7400BBEAB6 /* MockStore.swift in Sources */ = {isa = PBXBuildFile; fileRef = FD882772267EFA7400BBEAB6 /* MockStore.swift */; };
		FD882778267F1BD500BBEAB6 /* ContactsActionsTests.swift in Sources */ = {isa = PBXBuildFile; fileRef = FD882777267F1BD500BBEAB6 /* ContactsActionsTests.swift */; };
		FD88277B267F305800BBEAB6 /* SwiftUIRedux in Frameworks */ = {isa = PBXBuildFile; productRef = FD88277A267F305800BBEAB6 /* SwiftUIRedux */; };
		FD88277D267F314000BBEAB6 /* RootReducerTests.swift in Sources */ = {isa = PBXBuildFile; fileRef = FD88277C267F314000BBEAB6 /* RootReducerTests.swift */; };
		FD882781267F844C00BBEAB6 /* NavigationConfigurator.swift in Sources */ = {isa = PBXBuildFile; fileRef = FD882780267F844C00BBEAB6 /* NavigationConfigurator.swift */; };
		FD882784267F888D00BBEAB6 /* NavigationBarBackgroundModifierLightGray.swift in Sources */ = {isa = PBXBuildFile; fileRef = FD882783267F888D00BBEAB6 /* NavigationBarBackgroundModifierLightGray.swift */; };
		FD882786267F89E000BBEAB6 /* NavigationBarBackgroundModifierWhite.swift in Sources */ = {isa = PBXBuildFile; fileRef = FD882785267F89E000BBEAB6 /* NavigationBarBackgroundModifierWhite.swift */; };
		FD88278E26808F5500BBEAB6 /* ContactDetail.swift in Sources */ = {isa = PBXBuildFile; fileRef = FD88278D26808F5500BBEAB6 /* ContactDetail.swift */; };
		FDCC721B266E254D00A48140 /* WeChat_SwiftUIApp.swift in Sources */ = {isa = PBXBuildFile; fileRef = FDCC721A266E254D00A48140 /* WeChat_SwiftUIApp.swift */; };
		FDCC721D266E254D00A48140 /* RootView.swift in Sources */ = {isa = PBXBuildFile; fileRef = FDCC721C266E254D00A48140 /* RootView.swift */; };
		FDCC721F266E254E00A48140 /* Assets.xcassets in Resources */ = {isa = PBXBuildFile; fileRef = FDCC721E266E254E00A48140 /* Assets.xcassets */; };
		FDCC724B266F190700A48140 /* Environment.swift in Sources */ = {isa = PBXBuildFile; fileRef = FDCC724A266F190700A48140 /* Environment.swift */; };
		FDCC724D266F19CF00A48140 /* ServiceType.swift in Sources */ = {isa = PBXBuildFile; fileRef = FDCC724C266F19CF00A48140 /* ServiceType.swift */; };
		FDCC724F266F1A3400A48140 /* ServerConfigType.swift in Sources */ = {isa = PBXBuildFile; fileRef = FDCC724E266F1A3400A48140 /* ServerConfigType.swift */; };
		FDCC7251266F1B2E00A48140 /* EnvironmentType.swift in Sources */ = {isa = PBXBuildFile; fileRef = FDCC7250266F1B2E00A48140 /* EnvironmentType.swift */; };
		FDCC7253266F1FB800A48140 /* Secrets.swift in Sources */ = {isa = PBXBuildFile; fileRef = FDCC7252266F1FB800A48140 /* Secrets.swift */; };
		FDCC7255266F212B00A48140 /* ServerConfigTests.swift in Sources */ = {isa = PBXBuildFile; fileRef = FDCC7254266F212B00A48140 /* ServerConfigTests.swift */; };
		FDCC7258266F26D200A48140 /* OauthToken.swift in Sources */ = {isa = PBXBuildFile; fileRef = FDCC7257266F26D200A48140 /* OauthToken.swift */; };
		FDCC725F266F4DFF00A48140 /* Method.swift in Sources */ = {isa = PBXBuildFile; fileRef = FDCC725E266F4DFF00A48140 /* Method.swift */; };
		FDCC7263266F59EC00A48140 /* Kickstarter-Prelude in Frameworks */ = {isa = PBXBuildFile; productRef = FDCC7262266F59EC00A48140 /* Kickstarter-Prelude */; };
		FDCC7265266F5C5B00A48140 /* Service.swift in Sources */ = {isa = PBXBuildFile; fileRef = FDCC7264266F5C5B00A48140 /* Service.swift */; };
		FDCC7267266F5CF600A48140 /* Language.swift in Sources */ = {isa = PBXBuildFile; fileRef = FDCC7266266F5CF600A48140 /* Language.swift */; };
		FDCC7269266F62C900A48140 /* ServiceTests.swift in Sources */ = {isa = PBXBuildFile; fileRef = FDCC7268266F62C900A48140 /* ServiceTests.swift */; };
		FDCC726B266F650F00A48140 /* ServiceTypeTests.swift in Sources */ = {isa = PBXBuildFile; fileRef = FDCC726A266F650F00A48140 /* ServiceTypeTests.swift */; };
		FDCC726D266F70EA00A48140 /* MockService.swift in Sources */ = {isa = PBXBuildFile; fileRef = FDCC726C266F70EA00A48140 /* MockService.swift */; };
		FDCC726F2670882D00A48140 /* User.swift in Sources */ = {isa = PBXBuildFile; fileRef = FDCC726E2670882D00A48140 /* User.swift */; };
		FDCC72752671087E00A48140 /* EnvironmentTests.swift in Sources */ = {isa = PBXBuildFile; fileRef = FDCC72732671087A00A48140 /* EnvironmentTests.swift */; };
		FDCC72772671097D00A48140 /* TestExamples.swift in Sources */ = {isa = PBXBuildFile; fileRef = FDCC72762671097D00A48140 /* TestExamples.swift */; };
		FDCC727A267109D700A48140 /* LanguageTests.swift in Sources */ = {isa = PBXBuildFile; fileRef = FDCC7278267109D500A48140 /* LanguageTests.swift */; };
		FDCC727C2671A4DC00A48140 /* AppEnvironment.swift in Sources */ = {isa = PBXBuildFile; fileRef = FDCC727B2671A4DC00A48140 /* AppEnvironment.swift */; };
		FDCC727E2671A6E200A48140 /* AccessTokenEnvelope.swift in Sources */ = {isa = PBXBuildFile; fileRef = FDCC727D2671A6E200A48140 /* AccessTokenEnvelope.swift */; };
		FDCC72802671A99400A48140 /* KeyValueStoreType.swift in Sources */ = {isa = PBXBuildFile; fileRef = FDCC727F2671A99400A48140 /* KeyValueStoreType.swift */; };
		FDCC72832671AC2B00A48140 /* Encodable+Dictionary.swift in Sources */ = {isa = PBXBuildFile; fileRef = FDCC72822671AC2B00A48140 /* Encodable+Dictionary.swift */; };
		FDCC72852671AC7200A48140 /* Encodable+DictionaryTests.swift in Sources */ = {isa = PBXBuildFile; fileRef = FDCC72842671AC7200A48140 /* Encodable+DictionaryTests.swift */; };
		FDCC72872671AD7B00A48140 /* TryDecodable.swift in Sources */ = {isa = PBXBuildFile; fileRef = FDCC72862671AD7B00A48140 /* TryDecodable.swift */; };
		FDCC72892671C14800A48140 /* AppEnvironmentTests.swift in Sources */ = {isa = PBXBuildFile; fileRef = FDCC72882671C14800A48140 /* AppEnvironmentTests.swift */; };
		FDCC728C2671C34200A48140 /* UserTemplates.swift in Sources */ = {isa = PBXBuildFile; fileRef = FDCC728B2671C34200A48140 /* UserTemplates.swift */; };
		FDCC7290267343A800A48140 /* Service+RequestHelpers.swift in Sources */ = {isa = PBXBuildFile; fileRef = FDCC728F267343A800A48140 /* Service+RequestHelpers.swift */; };
		FDCC72922673448A00A48140 /* Route.swift in Sources */ = {isa = PBXBuildFile; fileRef = FDCC72912673448A00A48140 /* Route.swift */; };
		FDCC7297267348A600A48140 /* Constants.swift in Sources */ = {isa = PBXBuildFile; fileRef = FDCC7296267348A600A48140 /* Constants.swift */; };
		FDCC7299267348D300A48140 /* NetworkingHelpers.swift in Sources */ = {isa = PBXBuildFile; fileRef = FDCC7298267348D300A48140 /* NetworkingHelpers.swift */; };
		FDCC729B2673494B00A48140 /* Loadable.swift in Sources */ = {isa = PBXBuildFile; fileRef = FDCC729A2673494B00A48140 /* Loadable.swift */; };
		FDCC729D2673496800A48140 /* CancelBag.swift in Sources */ = {isa = PBXBuildFile; fileRef = FDCC729C2673496800A48140 /* CancelBag.swift */; };
		FDCC729F2673499700A48140 /* APIError.swift in Sources */ = {isa = PBXBuildFile; fileRef = FDCC729E2673499700A48140 /* APIError.swift */; };
/* End PBXBuildFile section */

/* Begin PBXContainerItemProxy section */
		FDCC7229266E254E00A48140 /* PBXContainerItemProxy */ = {
			isa = PBXContainerItemProxy;
			containerPortal = FDCC720F266E254D00A48140 /* Project object */;
			proxyType = 1;
			remoteGlobalIDString = FDCC7216266E254D00A48140;
			remoteInfo = "WeChat-SwiftUI";
		};
		FDCC7234266E254E00A48140 /* PBXContainerItemProxy */ = {
			isa = PBXContainerItemProxy;
			containerPortal = FDCC720F266E254D00A48140 /* Project object */;
			proxyType = 1;
			remoteGlobalIDString = FDCC7216266E254D00A48140;
			remoteInfo = "WeChat-SwiftUI";
		};
/* End PBXContainerItemProxy section */

/* Begin PBXFileReference section */
		FD1E4CC826745E7000BD2C34 /* zh-Hans */ = {isa = PBXFileReference; lastKnownFileType = text.plist.strings; name = "zh-Hans"; path = "zh-Hans.lproj/Localizable.strings"; sourceTree = "<group>"; };
		FD1E4CCA26745E7300BD2C34 /* en */ = {isa = PBXFileReference; lastKnownFileType = text.plist.strings; name = en; path = en.lproj/Localizable.strings; sourceTree = "<group>"; };
		FD1E4CE82674780600BD2C34 /* Strings.swift */ = {isa = PBXFileReference; fileEncoding = 4; lastKnownFileType = sourcecode.swift; path = Strings.swift; sourceTree = "<group>"; };
		FD1E4CEA2674A47200BD2C34 /* LocalizedString.swift */ = {isa = PBXFileReference; lastKnownFileType = sourcecode.swift; path = LocalizedString.swift; sourceTree = "<group>"; };
		FD88273B2679A37600BBEAB6 /* AppState.swift */ = {isa = PBXFileReference; lastKnownFileType = sourcecode.swift; path = AppState.swift; sourceTree = "<group>"; };
		FD88273D2679A3C300BBEAB6 /* AppReducer.swift */ = {isa = PBXFileReference; lastKnownFileType = sourcecode.swift; path = AppReducer.swift; sourceTree = "<group>"; };
		FD88273F2679A40600BBEAB6 /* Store.swift */ = {isa = PBXFileReference; lastKnownFileType = sourcecode.swift; path = Store.swift; sourceTree = "<group>"; };
		FD8827412679A75B00BBEAB6 /* RootState.swift */ = {isa = PBXFileReference; lastKnownFileType = sourcecode.swift; path = RootState.swift; sourceTree = "<group>"; };
		FD8827432679A80900BBEAB6 /* TabBarItem.swift */ = {isa = PBXFileReference; lastKnownFileType = sourcecode.swift; path = TabBarItem.swift; sourceTree = "<group>"; };
		FD8827452679A98D00BBEAB6 /* RootReducer.swift */ = {isa = PBXFileReference; lastKnownFileType = sourcecode.swift; path = RootReducer.swift; sourceTree = "<group>"; };
		FD8827472679A9BF00BBEAB6 /* RootActions.swift */ = {isa = PBXFileReference; lastKnownFileType = sourcecode.swift; path = RootActions.swift; sourceTree = "<group>"; };
		FD88274D2679D86D00BBEAB6 /* ChatsView.swift */ = {isa = PBXFileReference; lastKnownFileType = sourcecode.swift; path = ChatsView.swift; sourceTree = "<group>"; };
		FD88274F2679D88F00BBEAB6 /* ContactsView.swift */ = {isa = PBXFileReference; lastKnownFileType = sourcecode.swift; path = ContactsView.swift; sourceTree = "<group>"; };
		FD8827512679D89C00BBEAB6 /* DiscoverView.swift */ = {isa = PBXFileReference; lastKnownFileType = sourcecode.swift; path = DiscoverView.swift; sourceTree = "<group>"; };
		FD8827532679D8A600BBEAB6 /* MeView.swift */ = {isa = PBXFileReference; lastKnownFileType = sourcecode.swift; path = MeView.swift; sourceTree = "<group>"; };
		FD882758267AF24500BBEAB6 /* ContactsList.swift */ = {isa = PBXFileReference; lastKnownFileType = sourcecode.swift; path = ContactsList.swift; sourceTree = "<group>"; };
		FD88275A267AF27200BBEAB6 /* ContactsState.swift */ = {isa = PBXFileReference; lastKnownFileType = sourcecode.swift; path = ContactsState.swift; sourceTree = "<group>"; };
		FD88275C267AF2C300BBEAB6 /* ContactsReducer.swift */ = {isa = PBXFileReference; lastKnownFileType = sourcecode.swift; path = ContactsReducer.swift; sourceTree = "<group>"; };
		FD88275E267AF2EB00BBEAB6 /* ContactsActions.swift */ = {isa = PBXFileReference; lastKnownFileType = sourcecode.swift; path = ContactsActions.swift; sourceTree = "<group>"; };
		FD882761267AFAAF00BBEAB6 /* ActivityIndicatorView.swift */ = {isa = PBXFileReference; lastKnownFileType = sourcecode.swift; path = ActivityIndicatorView.swift; sourceTree = "<group>"; };
		FD882763267AFAD000BBEAB6 /* ErrorView.swift */ = {isa = PBXFileReference; lastKnownFileType = sourcecode.swift; path = ErrorView.swift; sourceTree = "<group>"; };
		FD882768267B499700BBEAB6 /* UserTests.swift */ = {isa = PBXFileReference; lastKnownFileType = sourcecode.swift; path = UserTests.swift; sourceTree = "<group>"; };
		FD882770267EE4E500BBEAB6 /* ContactsReducerTests.swift */ = {isa = PBXFileReference; lastKnownFileType = sourcecode.swift; path = ContactsReducerTests.swift; sourceTree = "<group>"; };
		FD882772267EFA7400BBEAB6 /* MockStore.swift */ = {isa = PBXFileReference; lastKnownFileType = sourcecode.swift; path = MockStore.swift; sourceTree = "<group>"; };
		FD882777267F1BD500BBEAB6 /* ContactsActionsTests.swift */ = {isa = PBXFileReference; lastKnownFileType = sourcecode.swift; path = ContactsActionsTests.swift; sourceTree = "<group>"; };
		FD88277C267F314000BBEAB6 /* RootReducerTests.swift */ = {isa = PBXFileReference; lastKnownFileType = sourcecode.swift; path = RootReducerTests.swift; sourceTree = "<group>"; };
		FD882780267F844C00BBEAB6 /* NavigationConfigurator.swift */ = {isa = PBXFileReference; lastKnownFileType = sourcecode.swift; path = NavigationConfigurator.swift; sourceTree = "<group>"; };
		FD882783267F888D00BBEAB6 /* NavigationBarBackgroundModifierLightGray.swift */ = {isa = PBXFileReference; lastKnownFileType = sourcecode.swift; path = NavigationBarBackgroundModifierLightGray.swift; sourceTree = "<group>"; };
		FD882785267F89E000BBEAB6 /* NavigationBarBackgroundModifierWhite.swift */ = {isa = PBXFileReference; lastKnownFileType = sourcecode.swift; path = NavigationBarBackgroundModifierWhite.swift; sourceTree = "<group>"; };
		FD88278D26808F5500BBEAB6 /* ContactDetail.swift */ = {isa = PBXFileReference; lastKnownFileType = sourcecode.swift; path = ContactDetail.swift; sourceTree = "<group>"; };
		FDCC7217266E254D00A48140 /* WeChat-SwiftUI.app */ = {isa = PBXFileReference; explicitFileType = wrapper.application; includeInIndex = 0; path = "WeChat-SwiftUI.app"; sourceTree = BUILT_PRODUCTS_DIR; };
		FDCC721A266E254D00A48140 /* WeChat_SwiftUIApp.swift */ = {isa = PBXFileReference; lastKnownFileType = sourcecode.swift; path = WeChat_SwiftUIApp.swift; sourceTree = "<group>"; };
		FDCC721C266E254D00A48140 /* RootView.swift */ = {isa = PBXFileReference; lastKnownFileType = sourcecode.swift; path = RootView.swift; sourceTree = "<group>"; };
		FDCC721E266E254E00A48140 /* Assets.xcassets */ = {isa = PBXFileReference; lastKnownFileType = folder.assetcatalog; path = Assets.xcassets; sourceTree = "<group>"; };
		FDCC7223266E254E00A48140 /* Info.plist */ = {isa = PBXFileReference; lastKnownFileType = text.plist.xml; path = Info.plist; sourceTree = "<group>"; };
		FDCC7228266E254E00A48140 /* WeChat-SwiftUITests.xctest */ = {isa = PBXFileReference; explicitFileType = wrapper.cfbundle; includeInIndex = 0; path = "WeChat-SwiftUITests.xctest"; sourceTree = BUILT_PRODUCTS_DIR; };
		FDCC722E266E254E00A48140 /* Info.plist */ = {isa = PBXFileReference; lastKnownFileType = text.plist.xml; path = Info.plist; sourceTree = "<group>"; };
		FDCC7233266E254E00A48140 /* WeChat-SwiftUIUITests.xctest */ = {isa = PBXFileReference; explicitFileType = wrapper.cfbundle; includeInIndex = 0; path = "WeChat-SwiftUIUITests.xctest"; sourceTree = BUILT_PRODUCTS_DIR; };
		FDCC7239266E254E00A48140 /* Info.plist */ = {isa = PBXFileReference; lastKnownFileType = text.plist.xml; path = Info.plist; sourceTree = "<group>"; };
		FDCC724A266F190700A48140 /* Environment.swift */ = {isa = PBXFileReference; lastKnownFileType = sourcecode.swift; path = Environment.swift; sourceTree = "<group>"; };
		FDCC724C266F19CF00A48140 /* ServiceType.swift */ = {isa = PBXFileReference; lastKnownFileType = sourcecode.swift; path = ServiceType.swift; sourceTree = "<group>"; };
		FDCC724E266F1A3400A48140 /* ServerConfigType.swift */ = {isa = PBXFileReference; lastKnownFileType = sourcecode.swift; path = ServerConfigType.swift; sourceTree = "<group>"; };
		FDCC7250266F1B2E00A48140 /* EnvironmentType.swift */ = {isa = PBXFileReference; lastKnownFileType = sourcecode.swift; path = EnvironmentType.swift; sourceTree = "<group>"; };
		FDCC7252266F1FB800A48140 /* Secrets.swift */ = {isa = PBXFileReference; lastKnownFileType = sourcecode.swift; path = Secrets.swift; sourceTree = "<group>"; };
		FDCC7254266F212B00A48140 /* ServerConfigTests.swift */ = {isa = PBXFileReference; lastKnownFileType = sourcecode.swift; path = ServerConfigTests.swift; sourceTree = "<group>"; };
		FDCC7257266F26D200A48140 /* OauthToken.swift */ = {isa = PBXFileReference; lastKnownFileType = sourcecode.swift; path = OauthToken.swift; sourceTree = "<group>"; };
		FDCC725E266F4DFF00A48140 /* Method.swift */ = {isa = PBXFileReference; lastKnownFileType = sourcecode.swift; path = Method.swift; sourceTree = "<group>"; };
		FDCC7264266F5C5B00A48140 /* Service.swift */ = {isa = PBXFileReference; lastKnownFileType = sourcecode.swift; path = Service.swift; sourceTree = "<group>"; };
		FDCC7266266F5CF600A48140 /* Language.swift */ = {isa = PBXFileReference; lastKnownFileType = sourcecode.swift; path = Language.swift; sourceTree = "<group>"; };
		FDCC7268266F62C900A48140 /* ServiceTests.swift */ = {isa = PBXFileReference; lastKnownFileType = sourcecode.swift; path = ServiceTests.swift; sourceTree = "<group>"; };
		FDCC726A266F650F00A48140 /* ServiceTypeTests.swift */ = {isa = PBXFileReference; lastKnownFileType = sourcecode.swift; path = ServiceTypeTests.swift; sourceTree = "<group>"; };
		FDCC726C266F70EA00A48140 /* MockService.swift */ = {isa = PBXFileReference; lastKnownFileType = sourcecode.swift; path = MockService.swift; sourceTree = "<group>"; };
		FDCC726E2670882D00A48140 /* User.swift */ = {isa = PBXFileReference; lastKnownFileType = sourcecode.swift; path = User.swift; sourceTree = "<group>"; };
		FDCC72732671087A00A48140 /* EnvironmentTests.swift */ = {isa = PBXFileReference; lastKnownFileType = sourcecode.swift; path = EnvironmentTests.swift; sourceTree = "<group>"; };
		FDCC72762671097D00A48140 /* TestExamples.swift */ = {isa = PBXFileReference; lastKnownFileType = sourcecode.swift; path = TestExamples.swift; sourceTree = "<group>"; };
		FDCC7278267109D500A48140 /* LanguageTests.swift */ = {isa = PBXFileReference; lastKnownFileType = sourcecode.swift; path = LanguageTests.swift; sourceTree = "<group>"; };
		FDCC727B2671A4DC00A48140 /* AppEnvironment.swift */ = {isa = PBXFileReference; lastKnownFileType = sourcecode.swift; path = AppEnvironment.swift; sourceTree = "<group>"; };
		FDCC727D2671A6E200A48140 /* AccessTokenEnvelope.swift */ = {isa = PBXFileReference; lastKnownFileType = sourcecode.swift; path = AccessTokenEnvelope.swift; sourceTree = "<group>"; };
		FDCC727F2671A99400A48140 /* KeyValueStoreType.swift */ = {isa = PBXFileReference; lastKnownFileType = sourcecode.swift; path = KeyValueStoreType.swift; sourceTree = "<group>"; };
		FDCC72822671AC2B00A48140 /* Encodable+Dictionary.swift */ = {isa = PBXFileReference; lastKnownFileType = sourcecode.swift; path = "Encodable+Dictionary.swift"; sourceTree = "<group>"; };
		FDCC72842671AC7200A48140 /* Encodable+DictionaryTests.swift */ = {isa = PBXFileReference; lastKnownFileType = sourcecode.swift; path = "Encodable+DictionaryTests.swift"; sourceTree = "<group>"; };
		FDCC72862671AD7B00A48140 /* TryDecodable.swift */ = {isa = PBXFileReference; lastKnownFileType = sourcecode.swift; path = TryDecodable.swift; sourceTree = "<group>"; };
		FDCC72882671C14800A48140 /* AppEnvironmentTests.swift */ = {isa = PBXFileReference; lastKnownFileType = sourcecode.swift; path = AppEnvironmentTests.swift; sourceTree = "<group>"; };
		FDCC728B2671C34200A48140 /* UserTemplates.swift */ = {isa = PBXFileReference; lastKnownFileType = sourcecode.swift; path = UserTemplates.swift; sourceTree = "<group>"; };
		FDCC728F267343A800A48140 /* Service+RequestHelpers.swift */ = {isa = PBXFileReference; lastKnownFileType = sourcecode.swift; path = "Service+RequestHelpers.swift"; sourceTree = "<group>"; };
		FDCC72912673448A00A48140 /* Route.swift */ = {isa = PBXFileReference; lastKnownFileType = sourcecode.swift; path = Route.swift; sourceTree = "<group>"; };
		FDCC7296267348A600A48140 /* Constants.swift */ = {isa = PBXFileReference; lastKnownFileType = sourcecode.swift; path = Constants.swift; sourceTree = "<group>"; };
		FDCC7298267348D300A48140 /* NetworkingHelpers.swift */ = {isa = PBXFileReference; lastKnownFileType = sourcecode.swift; path = NetworkingHelpers.swift; sourceTree = "<group>"; };
		FDCC729A2673494B00A48140 /* Loadable.swift */ = {isa = PBXFileReference; lastKnownFileType = sourcecode.swift; path = Loadable.swift; sourceTree = "<group>"; };
		FDCC729C2673496800A48140 /* CancelBag.swift */ = {isa = PBXFileReference; lastKnownFileType = sourcecode.swift; path = CancelBag.swift; sourceTree = "<group>"; };
		FDCC729E2673499700A48140 /* APIError.swift */ = {isa = PBXFileReference; lastKnownFileType = sourcecode.swift; path = APIError.swift; sourceTree = "<group>"; };
/* End PBXFileReference section */

/* Begin PBXFrameworksBuildPhase section */
		FDCC7214266E254D00A48140 /* Frameworks */ = {
			isa = PBXFrameworksBuildPhase;
			buildActionMask = 2147483647;
			files = (
				FDCC7263266F59EC00A48140 /* Kickstarter-Prelude in Frameworks */,
				FD88277B267F305800BBEAB6 /* SwiftUIRedux in Frameworks */,
			);
			runOnlyForDeploymentPostprocessing = 0;
		};
		FDCC7225266E254E00A48140 /* Frameworks */ = {
			isa = PBXFrameworksBuildPhase;
			buildActionMask = 2147483647;
			files = (
			);
			runOnlyForDeploymentPostprocessing = 0;
		};
		FDCC7230266E254E00A48140 /* Frameworks */ = {
			isa = PBXFrameworksBuildPhase;
			buildActionMask = 2147483647;
			files = (
			);
			runOnlyForDeploymentPostprocessing = 0;
		};
/* End PBXFrameworksBuildPhase section */

/* Begin PBXGroup section */
		FD8827362679A24C00BBEAB6 /* Redux */ = {
			isa = PBXGroup;
			children = (
				FD882772267EFA7400BBEAB6 /* MockStore.swift */,
				FD88273F2679A40600BBEAB6 /* Store.swift */,
				FD8827372679A25400BBEAB6 /* Actions */,
				FD8827382679A25F00BBEAB6 /* Models */,
				FD8827392679A26700BBEAB6 /* Reducers */,
				FD88273A2679A26D00BBEAB6 /* State */,
			);
			path = Redux;
			sourceTree = "<group>";
		};
		FD8827372679A25400BBEAB6 /* Actions */ = {
			isa = PBXGroup;
			children = (
				FD88275E267AF2EB00BBEAB6 /* ContactsActions.swift */,
				FD882777267F1BD500BBEAB6 /* ContactsActionsTests.swift */,
				FD8827472679A9BF00BBEAB6 /* RootActions.swift */,
			);
			path = Actions;
			sourceTree = "<group>";
		};
		FD8827382679A25F00BBEAB6 /* Models */ = {
			isa = PBXGroup;
			children = (
				FD8827432679A80900BBEAB6 /* TabBarItem.swift */,
			);
			path = Models;
			sourceTree = "<group>";
		};
		FD8827392679A26700BBEAB6 /* Reducers */ = {
			isa = PBXGroup;
			children = (
				FD88273D2679A3C300BBEAB6 /* AppReducer.swift */,
				FD88275C267AF2C300BBEAB6 /* ContactsReducer.swift */,
				FD882770267EE4E500BBEAB6 /* ContactsReducerTests.swift */,
				FD8827452679A98D00BBEAB6 /* RootReducer.swift */,
				FD88277C267F314000BBEAB6 /* RootReducerTests.swift */,
			);
			path = Reducers;
			sourceTree = "<group>";
		};
		FD88273A2679A26D00BBEAB6 /* State */ = {
			isa = PBXGroup;
			children = (
				FD88273B2679A37600BBEAB6 /* AppState.swift */,
				FD88275A267AF27200BBEAB6 /* ContactsState.swift */,
				FD8827412679A75B00BBEAB6 /* RootState.swift */,
			);
			path = State;
			sourceTree = "<group>";
		};
		FD8827492679D82C00BBEAB6 /* Chats */ = {
			isa = PBXGroup;
			children = (
				FD88274D2679D86D00BBEAB6 /* ChatsView.swift */,
			);
			path = Chats;
			sourceTree = "<group>";
		};
		FD88274A2679D83400BBEAB6 /* Contacts */ = {
			isa = PBXGroup;
			children = (
				FD88278D26808F5500BBEAB6 /* ContactDetail.swift */,
				FD882758267AF24500BBEAB6 /* ContactsList.swift */,
				FD88274F2679D88F00BBEAB6 /* ContactsView.swift */,
			);
			path = Contacts;
			sourceTree = "<group>";
		};
		FD88274B2679D84100BBEAB6 /* Discover */ = {
			isa = PBXGroup;
			children = (
				FD8827512679D89C00BBEAB6 /* DiscoverView.swift */,
			);
			path = Discover;
			sourceTree = "<group>";
		};
		FD88274C2679D84F00BBEAB6 /* Me */ = {
			isa = PBXGroup;
			children = (
				FD8827532679D8A600BBEAB6 /* MeView.swift */,
			);
			path = Me;
			sourceTree = "<group>";
		};
		FD882760267AFAA300BBEAB6 /* Components */ = {
			isa = PBXGroup;
			children = (
				FD882761267AFAAF00BBEAB6 /* ActivityIndicatorView.swift */,
				FD882763267AFAD000BBEAB6 /* ErrorView.swift */,
				FD882780267F844C00BBEAB6 /* NavigationConfigurator.swift */,
			);
			path = Components;
			sourceTree = "<group>";
		};
		FD882782267F878500BBEAB6 /* Modifiers */ = {
			isa = PBXGroup;
			children = (
				FD882783267F888D00BBEAB6 /* NavigationBarBackgroundModifierLightGray.swift */,
				FD882785267F89E000BBEAB6 /* NavigationBarBackgroundModifierWhite.swift */,
			);
			path = Modifiers;
			sourceTree = "<group>";
		};
		FD8ADB2C2674576300ACD596 /* Locales */ = {
			isa = PBXGroup;
			children = (
				FD1E4CC926745E7000BD2C34 /* Localizable.strings */,
			);
			path = Locales;
			sourceTree = "<group>";
		};
		FDCC720E266E254D00A48140 = {
			isa = PBXGroup;
			children = (
				FDCC7219266E254D00A48140 /* WeChat-SwiftUI */,
				FDCC722B266E254E00A48140 /* WeChat-SwiftUITests */,
				FDCC7236266E254E00A48140 /* WeChat-SwiftUIUITests */,
				FDCC7218266E254D00A48140 /* Products */,
			);
			sourceTree = "<group>";
		};
		FDCC7218266E254D00A48140 /* Products */ = {
			isa = PBXGroup;
			children = (
				FDCC7217266E254D00A48140 /* WeChat-SwiftUI.app */,
				FDCC7228266E254E00A48140 /* WeChat-SwiftUITests.xctest */,
				FDCC7233266E254E00A48140 /* WeChat-SwiftUIUITests.xctest */,
			);
			name = Products;
			sourceTree = "<group>";
		};
		FDCC7219266E254D00A48140 /* WeChat-SwiftUI */ = {
			isa = PBXGroup;
			children = (
				FDCC7223266E254E00A48140 /* Info.plist */,
				FDCC721A266E254D00A48140 /* WeChat_SwiftUIApp.swift */,
				FDCC721E266E254E00A48140 /* Assets.xcassets */,
				FDCC7245266E680800A48140 /* API */,
				FDCC7247266E6AF700A48140 /* Configs */,
				FDCC7246266E6AE600A48140 /* DataModels */,
				FDCC7249266E6B2100A48140 /* Library */,
				FD8ADB2C2674576300ACD596 /* Locales */,
				FD8827362679A24C00BBEAB6 /* Redux */,
				FDCC7248266E6AFD00A48140 /* Views */,
			);
			path = "WeChat-SwiftUI";
			sourceTree = "<group>";
		};
		FDCC722B266E254E00A48140 /* WeChat-SwiftUITests */ = {
			isa = PBXGroup;
			children = (
				FDCC722E266E254E00A48140 /* Info.plist */,
			);
			path = "WeChat-SwiftUITests";
			sourceTree = "<group>";
		};
		FDCC7236266E254E00A48140 /* WeChat-SwiftUIUITests */ = {
			isa = PBXGroup;
			children = (
				FDCC7239266E254E00A48140 /* Info.plist */,
				FDCC72762671097D00A48140 /* TestExamples.swift */,
			);
			path = "WeChat-SwiftUIUITests";
			sourceTree = "<group>";
		};
		FDCC7245266E680800A48140 /* API */ = {
			isa = PBXGroup;
			children = (
				FDCC726C266F70EA00A48140 /* MockService.swift */,
				FDCC7254266F212B00A48140 /* ServerConfigTests.swift */,
				FDCC724E266F1A3400A48140 /* ServerConfigType.swift */,
				FDCC7264266F5C5B00A48140 /* Service.swift */,
				FDCC728F267343A800A48140 /* Service+RequestHelpers.swift */,
				FDCC7268266F62C900A48140 /* ServiceTests.swift */,
				FDCC724C266F19CF00A48140 /* ServiceType.swift */,
				FDCC726A266F650F00A48140 /* ServiceTypeTests.swift */,
				FDCC7256266F26C900A48140 /* Lib */,
			);
			path = API;
			sourceTree = "<group>";
		};
		FDCC7246266E6AE600A48140 /* DataModels */ = {
			isa = PBXGroup;
			children = (
				FDCC727D2671A6E200A48140 /* AccessTokenEnvelope.swift */,
				FDCC726E2670882D00A48140 /* User.swift */,
				FD882768267B499700BBEAB6 /* UserTests.swift */,
				FDCC728A2671C33400A48140 /* Templates */,
			);
			path = DataModels;
			sourceTree = "<group>";
		};
		FDCC7247266E6AF700A48140 /* Configs */ = {
			isa = PBXGroup;
			children = (
				FDCC7252266F1FB800A48140 /* Secrets.swift */,
			);
			path = Configs;
			sourceTree = "<group>";
		};
		FDCC7248266E6AFD00A48140 /* Views */ = {
			isa = PBXGroup;
			children = (
				FDCC721C266E254D00A48140 /* RootView.swift */,
				FD8827492679D82C00BBEAB6 /* Chats */,
				FD88274A2679D83400BBEAB6 /* Contacts */,
				FD88274B2679D84100BBEAB6 /* Discover */,
				FD88274C2679D84F00BBEAB6 /* Me */,
			);
			path = Views;
			sourceTree = "<group>";
		};
		FDCC7249266E6B2100A48140 /* Library */ = {
			isa = PBXGroup;
			children = (
				FDCC727B2671A4DC00A48140 /* AppEnvironment.swift */,
				FDCC72882671C14800A48140 /* AppEnvironmentTests.swift */,
				FDCC729C2673496800A48140 /* CancelBag.swift */,
				FDCC7296267348A600A48140 /* Constants.swift */,
				FDCC724A266F190700A48140 /* Environment.swift */,
				FDCC72732671087A00A48140 /* EnvironmentTests.swift */,
				FDCC727F2671A99400A48140 /* KeyValueStoreType.swift */,
				FDCC7266266F5CF600A48140 /* Language.swift */,
				FDCC7278267109D500A48140 /* LanguageTests.swift */,
				FDCC729A2673494B00A48140 /* Loadable.swift */,
				FD1E4CEA2674A47200BD2C34 /* LocalizedString.swift */,
				FD1E4CE82674780600BD2C34 /* Strings.swift */,
				FDCC72862671AD7B00A48140 /* TryDecodable.swift */,
				FD882760267AFAA300BBEAB6 /* Components */,
				FDCC72812671AC1800A48140 /* Extensions */,
				FD882782267F878500BBEAB6 /* Modifiers */,
			);
			path = Library;
			sourceTree = "<group>";
		};
		FDCC7256266F26C900A48140 /* Lib */ = {
			isa = PBXGroup;
			children = (
				FDCC729E2673499700A48140 /* APIError.swift */,
				FDCC7250266F1B2E00A48140 /* EnvironmentType.swift */,
				FDCC725E266F4DFF00A48140 /* Method.swift */,
				FDCC7298267348D300A48140 /* NetworkingHelpers.swift */,
				FDCC7257266F26D200A48140 /* OauthToken.swift */,
				FDCC72912673448A00A48140 /* Route.swift */,
			);
			path = Lib;
			sourceTree = "<group>";
		};
		FDCC72812671AC1800A48140 /* Extensions */ = {
			isa = PBXGroup;
			children = (
				FDCC72822671AC2B00A48140 /* Encodable+Dictionary.swift */,
				FDCC72842671AC7200A48140 /* Encodable+DictionaryTests.swift */,
			);
			path = Extensions;
			sourceTree = "<group>";
		};
		FDCC728A2671C33400A48140 /* Templates */ = {
			isa = PBXGroup;
			children = (
				FDCC728B2671C34200A48140 /* UserTemplates.swift */,
			);
			path = Templates;
			sourceTree = "<group>";
		};
/* End PBXGroup section */

/* Begin PBXNativeTarget section */
		FDCC7216266E254D00A48140 /* WeChat-SwiftUI */ = {
			isa = PBXNativeTarget;
			buildConfigurationList = FDCC723C266E254E00A48140 /* Build configuration list for PBXNativeTarget "WeChat-SwiftUI" */;
			buildPhases = (
				FDCC7213266E254D00A48140 /* Sources */,
				FDCC7214266E254D00A48140 /* Frameworks */,
				FDCC7215266E254D00A48140 /* Resources */,
				FDCC728D26730FEC00A48140 /* Swiftlint */,
			);
			buildRules = (
			);
			dependencies = (
			);
			name = "WeChat-SwiftUI";
			packageProductDependencies = (
				FDCC7262266F59EC00A48140 /* Kickstarter-Prelude */,
				FD88277A267F305800BBEAB6 /* SwiftUIRedux */,
			);
			productName = "WeChat-SwiftUI";
			productReference = FDCC7217266E254D00A48140 /* WeChat-SwiftUI.app */;
			productType = "com.apple.product-type.application";
		};
		FDCC7227266E254E00A48140 /* WeChat-SwiftUITests */ = {
			isa = PBXNativeTarget;
			buildConfigurationList = FDCC723F266E254E00A48140 /* Build configuration list for PBXNativeTarget "WeChat-SwiftUITests" */;
			buildPhases = (
				FDCC7224266E254E00A48140 /* Sources */,
				FDCC7225266E254E00A48140 /* Frameworks */,
				FDCC7226266E254E00A48140 /* Resources */,
				FDCC728E2673101A00A48140 /* Swiftlint */,
			);
			buildRules = (
			);
			dependencies = (
				FDCC722A266E254E00A48140 /* PBXTargetDependency */,
			);
			name = "WeChat-SwiftUITests";
			productName = "WeChat-SwiftUITests";
			productReference = FDCC7228266E254E00A48140 /* WeChat-SwiftUITests.xctest */;
			productType = "com.apple.product-type.bundle.unit-test";
		};
		FDCC7232266E254E00A48140 /* WeChat-SwiftUIUITests */ = {
			isa = PBXNativeTarget;
			buildConfigurationList = FDCC7242266E254E00A48140 /* Build configuration list for PBXNativeTarget "WeChat-SwiftUIUITests" */;
			buildPhases = (
				FDCC722F266E254E00A48140 /* Sources */,
				FDCC7230266E254E00A48140 /* Frameworks */,
				FDCC7231266E254E00A48140 /* Resources */,
			);
			buildRules = (
			);
			dependencies = (
				FDCC7235266E254E00A48140 /* PBXTargetDependency */,
			);
			name = "WeChat-SwiftUIUITests";
			productName = "WeChat-SwiftUIUITests";
			productReference = FDCC7233266E254E00A48140 /* WeChat-SwiftUIUITests.xctest */;
			productType = "com.apple.product-type.bundle.ui-testing";
		};
/* End PBXNativeTarget section */

/* Begin PBXProject section */
		FDCC720F266E254D00A48140 /* Project object */ = {
			isa = PBXProject;
			attributes = {
				LastSwiftUpdateCheck = 1250;
				LastUpgradeCheck = 1250;
				TargetAttributes = {
					FDCC7216266E254D00A48140 = {
						CreatedOnToolsVersion = 12.5;
					};
					FDCC7227266E254E00A48140 = {
						CreatedOnToolsVersion = 12.5;
						TestTargetID = FDCC7216266E254D00A48140;
					};
					FDCC7232266E254E00A48140 = {
						CreatedOnToolsVersion = 12.5;
						LastSwiftMigration = 1250;
						TestTargetID = FDCC7216266E254D00A48140;
					};
				};
			};
			buildConfigurationList = FDCC7212266E254D00A48140 /* Build configuration list for PBXProject "WeChat-SwiftUI" */;
			compatibilityVersion = "Xcode 9.3";
			developmentRegion = en;
			hasScannedForEncodings = 0;
			knownRegions = (
				en,
				"zh-Hans",
				Base,
			);
			mainGroup = FDCC720E266E254D00A48140;
			packageReferences = (
				FDCC7261266F59EC00A48140 /* XCRemoteSwiftPackageReference "Kickstarter-Prelude" */,
				FD882779267F305800BBEAB6 /* XCRemoteSwiftPackageReference "SwiftUIRedux" */,
			);
			productRefGroup = FDCC7218266E254D00A48140 /* Products */;
			projectDirPath = "";
			projectRoot = "";
			targets = (
				FDCC7216266E254D00A48140 /* WeChat-SwiftUI */,
				FDCC7227266E254E00A48140 /* WeChat-SwiftUITests */,
				FDCC7232266E254E00A48140 /* WeChat-SwiftUIUITests */,
			);
		};
/* End PBXProject section */

/* Begin PBXResourcesBuildPhase section */
		FDCC7215266E254D00A48140 /* Resources */ = {
			isa = PBXResourcesBuildPhase;
			buildActionMask = 2147483647;
			files = (
				FDCC721F266E254E00A48140 /* Assets.xcassets in Resources */,
				FD1E4CC726745E7000BD2C34 /* Localizable.strings in Resources */,
			);
			runOnlyForDeploymentPostprocessing = 0;
		};
		FDCC7226266E254E00A48140 /* Resources */ = {
			isa = PBXResourcesBuildPhase;
			buildActionMask = 2147483647;
			files = (
			);
			runOnlyForDeploymentPostprocessing = 0;
		};
		FDCC7231266E254E00A48140 /* Resources */ = {
			isa = PBXResourcesBuildPhase;
			buildActionMask = 2147483647;
			files = (
			);
			runOnlyForDeploymentPostprocessing = 0;
		};
/* End PBXResourcesBuildPhase section */

/* Begin PBXShellScriptBuildPhase section */
		FDCC728D26730FEC00A48140 /* Swiftlint */ = {
			isa = PBXShellScriptBuildPhase;
			buildActionMask = 2147483647;
			files = (
			);
			inputFileListPaths = (
			);
			inputPaths = (
			);
			name = Swiftlint;
			outputFileListPaths = (
			);
			outputPaths = (
			);
			runOnlyForDeploymentPostprocessing = 0;
			shellPath = /bin/sh;
			shellScript = "if which swiftlint >/dev/null; then\n  swiftlint\nelse\n  echo \"warning: SwiftLint not installed, download from https://github.com/realm/SwiftLint\"\nfi\n";
		};
		FDCC728E2673101A00A48140 /* Swiftlint */ = {
			isa = PBXShellScriptBuildPhase;
			buildActionMask = 2147483647;
			files = (
			);
			inputFileListPaths = (
			);
			inputPaths = (
			);
			name = Swiftlint;
			outputFileListPaths = (
			);
			outputPaths = (
			);
			runOnlyForDeploymentPostprocessing = 0;
			shellPath = /bin/sh;
			shellScript = "if which swiftlint >/dev/null; then\n  swiftlint\nelse\n  echo \"warning: SwiftLint not installed, download from https://github.com/realm/SwiftLint\"\nfi\n";
		};
/* End PBXShellScriptBuildPhase section */

/* Begin PBXSourcesBuildPhase section */
		FDCC7213266E254D00A48140 /* Sources */ = {
			isa = PBXSourcesBuildPhase;
			buildActionMask = 2147483647;
			files = (
				FD882759267AF24500BBEAB6 /* ContactsList.swift in Sources */,
				FDCC728C2671C34200A48140 /* UserTemplates.swift in Sources */,
				FDCC729D2673496800A48140 /* CancelBag.swift in Sources */,
				FDCC726F2670882D00A48140 /* User.swift in Sources */,
				FDCC725F266F4DFF00A48140 /* Method.swift in Sources */,
				FDCC727E2671A6E200A48140 /* AccessTokenEnvelope.swift in Sources */,
				FDCC721D266E254D00A48140 /* RootView.swift in Sources */,
				FDCC729B2673494B00A48140 /* Loadable.swift in Sources */,
				FDCC7299267348D300A48140 /* NetworkingHelpers.swift in Sources */,
				FDCC7258266F26D200A48140 /* OauthToken.swift in Sources */,
				FD882781267F844C00BBEAB6 /* NavigationConfigurator.swift in Sources */,
				FDCC7297267348A600A48140 /* Constants.swift in Sources */,
				FD882773267EFA7400BBEAB6 /* MockStore.swift in Sources */,
				FD1E4CEB2674A47200BD2C34 /* LocalizedString.swift in Sources */,
				FD1E4CE92674780600BD2C34 /* Strings.swift in Sources */,
				FD8827542679D8A600BBEAB6 /* MeView.swift in Sources */,
				FD88278E26808F5500BBEAB6 /* ContactDetail.swift in Sources */,
				FDCC72872671AD7B00A48140 /* TryDecodable.swift in Sources */,
				FDCC724F266F1A3400A48140 /* ServerConfigType.swift in Sources */,
				FDCC7253266F1FB800A48140 /* Secrets.swift in Sources */,
				FD8827442679A80900BBEAB6 /* TabBarItem.swift in Sources */,
				FD882784267F888D00BBEAB6 /* NavigationBarBackgroundModifierLightGray.swift in Sources */,
				FD8827422679A75B00BBEAB6 /* RootState.swift in Sources */,
				FDCC72802671A99400A48140 /* KeyValueStoreType.swift in Sources */,
				FDCC724B266F190700A48140 /* Environment.swift in Sources */,
				FD88275D267AF2C300BBEAB6 /* ContactsReducer.swift in Sources */,
				FDCC727C2671A4DC00A48140 /* AppEnvironment.swift in Sources */,
				FDCC72922673448A00A48140 /* Route.swift in Sources */,
				FDCC7251266F1B2E00A48140 /* EnvironmentType.swift in Sources */,
				FD882764267AFAD000BBEAB6 /* ErrorView.swift in Sources */,
				FDCC7265266F5C5B00A48140 /* Service.swift in Sources */,
				FDCC72832671AC2B00A48140 /* Encodable+Dictionary.swift in Sources */,
				FD88274E2679D86D00BBEAB6 /* ChatsView.swift in Sources */,
				FDCC721B266E254D00A48140 /* WeChat_SwiftUIApp.swift in Sources */,
				FDCC724D266F19CF00A48140 /* ServiceType.swift in Sources */,
				FD8827522679D89C00BBEAB6 /* DiscoverView.swift in Sources */,
				FD8827502679D88F00BBEAB6 /* ContactsView.swift in Sources */,
				FD88273E2679A3C300BBEAB6 /* AppReducer.swift in Sources */,
				FDCC7267266F5CF600A48140 /* Language.swift in Sources */,
				FD8827462679A98D00BBEAB6 /* RootReducer.swift in Sources */,
				FD8827482679A9BF00BBEAB6 /* RootActions.swift in Sources */,
				FD88273C2679A37600BBEAB6 /* AppState.swift in Sources */,
				FD8827402679A40600BBEAB6 /* Store.swift in Sources */,
				FDCC726D266F70EA00A48140 /* MockService.swift in Sources */,
				FD882786267F89E000BBEAB6 /* NavigationBarBackgroundModifierWhite.swift in Sources */,
				FD882762267AFAAF00BBEAB6 /* ActivityIndicatorView.swift in Sources */,
				FD88275B267AF27200BBEAB6 /* ContactsState.swift in Sources */,
				FDCC7290267343A800A48140 /* Service+RequestHelpers.swift in Sources */,
				FDCC729F2673499700A48140 /* APIError.swift in Sources */,
				FD88275F267AF2EB00BBEAB6 /* ContactsActions.swift in Sources */,
			);
			runOnlyForDeploymentPostprocessing = 0;
		};
		FDCC7224266E254E00A48140 /* Sources */ = {
			isa = PBXSourcesBuildPhase;
			buildActionMask = 2147483647;
			files = (
				FD882771267EE4E500BBEAB6 /* ContactsReducerTests.swift in Sources */,
				FDCC7255266F212B00A48140 /* ServerConfigTests.swift in Sources */,
				FDCC727A267109D700A48140 /* LanguageTests.swift in Sources */,
				FDCC72752671087E00A48140 /* EnvironmentTests.swift in Sources */,
				FD882778267F1BD500BBEAB6 /* ContactsActionsTests.swift in Sources */,
				FDCC7269266F62C900A48140 /* ServiceTests.swift in Sources */,
				FD882769267B499700BBEAB6 /* UserTests.swift in Sources */,
				FDCC726B266F650F00A48140 /* ServiceTypeTests.swift in Sources */,
				FDCC72852671AC7200A48140 /* Encodable+DictionaryTests.swift in Sources */,
				FDCC72892671C14800A48140 /* AppEnvironmentTests.swift in Sources */,
				FD88277D267F314000BBEAB6 /* RootReducerTests.swift in Sources */,
			);
			runOnlyForDeploymentPostprocessing = 0;
		};
		FDCC722F266E254E00A48140 /* Sources */ = {
			isa = PBXSourcesBuildPhase;
			buildActionMask = 2147483647;
			files = (
				FDCC72772671097D00A48140 /* TestExamples.swift in Sources */,
			);
			runOnlyForDeploymentPostprocessing = 0;
		};
/* End PBXSourcesBuildPhase section */

/* Begin PBXTargetDependency section */
		FDCC722A266E254E00A48140 /* PBXTargetDependency */ = {
			isa = PBXTargetDependency;
			target = FDCC7216266E254D00A48140 /* WeChat-SwiftUI */;
			targetProxy = FDCC7229266E254E00A48140 /* PBXContainerItemProxy */;
		};
		FDCC7235266E254E00A48140 /* PBXTargetDependency */ = {
			isa = PBXTargetDependency;
			target = FDCC7216266E254D00A48140 /* WeChat-SwiftUI */;
			targetProxy = FDCC7234266E254E00A48140 /* PBXContainerItemProxy */;
		};
/* End PBXTargetDependency section */

/* Begin PBXVariantGroup section */
		FD1E4CC926745E7000BD2C34 /* Localizable.strings */ = {
			isa = PBXVariantGroup;
			children = (
				FD1E4CC826745E7000BD2C34 /* zh-Hans */,
				FD1E4CCA26745E7300BD2C34 /* en */,
			);
			name = Localizable.strings;
			sourceTree = "<group>";
		};
/* End PBXVariantGroup section */

/* Begin XCBuildConfiguration section */
		FDCC723A266E254E00A48140 /* Debug */ = {
			isa = XCBuildConfiguration;
			buildSettings = {
				ALWAYS_SEARCH_USER_PATHS = NO;
				CLANG_ANALYZER_LOCALIZABILITY_NONLOCALIZED = YES;
				CLANG_ANALYZER_NONNULL = YES;
				CLANG_ANALYZER_NUMBER_OBJECT_CONVERSION = YES_AGGRESSIVE;
				CLANG_CXX_LANGUAGE_STANDARD = "gnu++14";
				CLANG_CXX_LIBRARY = "libc++";
				CLANG_ENABLE_MODULES = YES;
				CLANG_ENABLE_OBJC_ARC = YES;
				CLANG_ENABLE_OBJC_WEAK = YES;
				CLANG_WARN_BLOCK_CAPTURE_AUTORELEASING = YES;
				CLANG_WARN_BOOL_CONVERSION = YES;
				CLANG_WARN_COMMA = YES;
				CLANG_WARN_CONSTANT_CONVERSION = YES;
				CLANG_WARN_DEPRECATED_OBJC_IMPLEMENTATIONS = YES;
				CLANG_WARN_DIRECT_OBJC_ISA_USAGE = YES_ERROR;
				CLANG_WARN_DOCUMENTATION_COMMENTS = YES;
				CLANG_WARN_EMPTY_BODY = YES;
				CLANG_WARN_ENUM_CONVERSION = YES;
				CLANG_WARN_INFINITE_RECURSION = YES;
				CLANG_WARN_INT_CONVERSION = YES;
				CLANG_WARN_NON_LITERAL_NULL_CONVERSION = YES;
				CLANG_WARN_OBJC_IMPLICIT_RETAIN_SELF = YES;
				CLANG_WARN_OBJC_LITERAL_CONVERSION = YES;
				CLANG_WARN_OBJC_ROOT_CLASS = YES_ERROR;
				CLANG_WARN_QUOTED_INCLUDE_IN_FRAMEWORK_HEADER = YES;
				CLANG_WARN_RANGE_LOOP_ANALYSIS = YES;
				CLANG_WARN_STRICT_PROTOTYPES = YES;
				CLANG_WARN_SUSPICIOUS_MOVE = YES;
				CLANG_WARN_UNGUARDED_AVAILABILITY = YES_AGGRESSIVE;
				CLANG_WARN_UNREACHABLE_CODE = YES;
				CLANG_WARN__DUPLICATE_METHOD_MATCH = YES;
				COPY_PHASE_STRIP = NO;
				DEBUG_INFORMATION_FORMAT = dwarf;
				ENABLE_STRICT_OBJC_MSGSEND = YES;
				ENABLE_TESTABILITY = YES;
				GCC_C_LANGUAGE_STANDARD = gnu11;
				GCC_DYNAMIC_NO_PIC = NO;
				GCC_NO_COMMON_BLOCKS = YES;
				GCC_OPTIMIZATION_LEVEL = 0;
				GCC_PREPROCESSOR_DEFINITIONS = (
					"DEBUG=1",
					"$(inherited)",
				);
				GCC_WARN_64_TO_32_BIT_CONVERSION = YES;
				GCC_WARN_ABOUT_RETURN_TYPE = YES_ERROR;
				GCC_WARN_UNDECLARED_SELECTOR = YES;
				GCC_WARN_UNINITIALIZED_AUTOS = YES_AGGRESSIVE;
				GCC_WARN_UNUSED_FUNCTION = YES;
				GCC_WARN_UNUSED_VARIABLE = YES;
				IPHONEOS_DEPLOYMENT_TARGET = 14.5;
				MTL_ENABLE_DEBUG_INFO = INCLUDE_SOURCE;
				MTL_FAST_MATH = YES;
				ONLY_ACTIVE_ARCH = YES;
				SDKROOT = iphoneos;
				SWIFT_ACTIVE_COMPILATION_CONDITIONS = DEBUG;
				SWIFT_OPTIMIZATION_LEVEL = "-Onone";
			};
			name = Debug;
		};
		FDCC723B266E254E00A48140 /* Release */ = {
			isa = XCBuildConfiguration;
			buildSettings = {
				ALWAYS_SEARCH_USER_PATHS = NO;
				CLANG_ANALYZER_LOCALIZABILITY_NONLOCALIZED = YES;
				CLANG_ANALYZER_NONNULL = YES;
				CLANG_ANALYZER_NUMBER_OBJECT_CONVERSION = YES_AGGRESSIVE;
				CLANG_CXX_LANGUAGE_STANDARD = "gnu++14";
				CLANG_CXX_LIBRARY = "libc++";
				CLANG_ENABLE_MODULES = YES;
				CLANG_ENABLE_OBJC_ARC = YES;
				CLANG_ENABLE_OBJC_WEAK = YES;
				CLANG_WARN_BLOCK_CAPTURE_AUTORELEASING = YES;
				CLANG_WARN_BOOL_CONVERSION = YES;
				CLANG_WARN_COMMA = YES;
				CLANG_WARN_CONSTANT_CONVERSION = YES;
				CLANG_WARN_DEPRECATED_OBJC_IMPLEMENTATIONS = YES;
				CLANG_WARN_DIRECT_OBJC_ISA_USAGE = YES_ERROR;
				CLANG_WARN_DOCUMENTATION_COMMENTS = YES;
				CLANG_WARN_EMPTY_BODY = YES;
				CLANG_WARN_ENUM_CONVERSION = YES;
				CLANG_WARN_INFINITE_RECURSION = YES;
				CLANG_WARN_INT_CONVERSION = YES;
				CLANG_WARN_NON_LITERAL_NULL_CONVERSION = YES;
				CLANG_WARN_OBJC_IMPLICIT_RETAIN_SELF = YES;
				CLANG_WARN_OBJC_LITERAL_CONVERSION = YES;
				CLANG_WARN_OBJC_ROOT_CLASS = YES_ERROR;
				CLANG_WARN_QUOTED_INCLUDE_IN_FRAMEWORK_HEADER = YES;
				CLANG_WARN_RANGE_LOOP_ANALYSIS = YES;
				CLANG_WARN_STRICT_PROTOTYPES = YES;
				CLANG_WARN_SUSPICIOUS_MOVE = YES;
				CLANG_WARN_UNGUARDED_AVAILABILITY = YES_AGGRESSIVE;
				CLANG_WARN_UNREACHABLE_CODE = YES;
				CLANG_WARN__DUPLICATE_METHOD_MATCH = YES;
				COPY_PHASE_STRIP = NO;
				DEBUG_INFORMATION_FORMAT = "dwarf-with-dsym";
				ENABLE_NS_ASSERTIONS = NO;
				ENABLE_STRICT_OBJC_MSGSEND = YES;
				GCC_C_LANGUAGE_STANDARD = gnu11;
				GCC_NO_COMMON_BLOCKS = YES;
				GCC_WARN_64_TO_32_BIT_CONVERSION = YES;
				GCC_WARN_ABOUT_RETURN_TYPE = YES_ERROR;
				GCC_WARN_UNDECLARED_SELECTOR = YES;
				GCC_WARN_UNINITIALIZED_AUTOS = YES_AGGRESSIVE;
				GCC_WARN_UNUSED_FUNCTION = YES;
				GCC_WARN_UNUSED_VARIABLE = YES;
				IPHONEOS_DEPLOYMENT_TARGET = 14.5;
				MTL_ENABLE_DEBUG_INFO = NO;
				MTL_FAST_MATH = YES;
				SDKROOT = iphoneos;
				SWIFT_COMPILATION_MODE = wholemodule;
				SWIFT_OPTIMIZATION_LEVEL = "-O";
				VALIDATE_PRODUCT = YES;
			};
			name = Release;
		};
		FDCC723D266E254E00A48140 /* Debug */ = {
			isa = XCBuildConfiguration;
			buildSettings = {
				ASSETCATALOG_COMPILER_APPICON_NAME = AppIcon;
				ASSETCATALOG_COMPILER_GLOBAL_ACCENT_COLOR_NAME = AccentColor;
				CODE_SIGN_STYLE = Automatic;
				DEVELOPMENT_ASSET_PATHS = "";
				DEVELOPMENT_TEAM = PDS2N83HDN;
				ENABLE_PREVIEWS = YES;
				INFOPLIST_FILE = "WeChat-SwiftUI/Info.plist";
				IPHONEOS_DEPLOYMENT_TARGET = 14.0;
				LD_RUNPATH_SEARCH_PATHS = (
					"$(inherited)",
					"@executable_path/Frameworks",
				);
				PRODUCT_BUNDLE_IDENTIFIER = "com.lebron.WeChat-SwiftUI";
				PRODUCT_NAME = "$(TARGET_NAME)";
				SWIFT_VERSION = 5.0;
				TARGETED_DEVICE_FAMILY = 1;
			};
			name = Debug;
		};
		FDCC723E266E254E00A48140 /* Release */ = {
			isa = XCBuildConfiguration;
			buildSettings = {
				ASSETCATALOG_COMPILER_APPICON_NAME = AppIcon;
				ASSETCATALOG_COMPILER_GLOBAL_ACCENT_COLOR_NAME = AccentColor;
				CODE_SIGN_STYLE = Automatic;
				DEVELOPMENT_ASSET_PATHS = "";
				DEVELOPMENT_TEAM = PDS2N83HDN;
				ENABLE_PREVIEWS = YES;
				INFOPLIST_FILE = "WeChat-SwiftUI/Info.plist";
				IPHONEOS_DEPLOYMENT_TARGET = 14.0;
				LD_RUNPATH_SEARCH_PATHS = (
					"$(inherited)",
					"@executable_path/Frameworks",
				);
				PRODUCT_BUNDLE_IDENTIFIER = "com.lebron.WeChat-SwiftUI";
				PRODUCT_NAME = "$(TARGET_NAME)";
				SWIFT_VERSION = 5.0;
				TARGETED_DEVICE_FAMILY = 1;
			};
			name = Release;
		};
		FDCC7240266E254E00A48140 /* Debug */ = {
			isa = XCBuildConfiguration;
			buildSettings = {
				ALWAYS_EMBED_SWIFT_STANDARD_LIBRARIES = YES;
				BUNDLE_LOADER = "$(TEST_HOST)";
				CODE_SIGN_STYLE = Automatic;
				DEVELOPMENT_TEAM = PDS2N83HDN;
				INFOPLIST_FILE = "WeChat-SwiftUITests/Info.plist";
				IPHONEOS_DEPLOYMENT_TARGET = 14.0;
				LD_RUNPATH_SEARCH_PATHS = (
					"$(inherited)",
					"@executable_path/Frameworks",
					"@loader_path/Frameworks",
				);
				PRODUCT_BUNDLE_IDENTIFIER = "com.lebron.WeChat-SwiftUITests";
				PRODUCT_NAME = "$(TARGET_NAME)";
				SWIFT_VERSION = 5.0;
				TARGETED_DEVICE_FAMILY = "1,2";
				TEST_HOST = "$(BUILT_PRODUCTS_DIR)/WeChat-SwiftUI.app/WeChat-SwiftUI";
			};
			name = Debug;
		};
		FDCC7241266E254E00A48140 /* Release */ = {
			isa = XCBuildConfiguration;
			buildSettings = {
				ALWAYS_EMBED_SWIFT_STANDARD_LIBRARIES = YES;
				BUNDLE_LOADER = "$(TEST_HOST)";
				CODE_SIGN_STYLE = Automatic;
				DEVELOPMENT_TEAM = PDS2N83HDN;
				INFOPLIST_FILE = "WeChat-SwiftUITests/Info.plist";
				IPHONEOS_DEPLOYMENT_TARGET = 14.0;
				LD_RUNPATH_SEARCH_PATHS = (
					"$(inherited)",
					"@executable_path/Frameworks",
					"@loader_path/Frameworks",
				);
				PRODUCT_BUNDLE_IDENTIFIER = "com.lebron.WeChat-SwiftUITests";
				PRODUCT_NAME = "$(TARGET_NAME)";
				SWIFT_VERSION = 5.0;
				TARGETED_DEVICE_FAMILY = "1,2";
				TEST_HOST = "$(BUILT_PRODUCTS_DIR)/WeChat-SwiftUI.app/WeChat-SwiftUI";
			};
			name = Release;
		};
		FDCC7243266E254E00A48140 /* Debug */ = {
			isa = XCBuildConfiguration;
			buildSettings = {
				ALWAYS_EMBED_SWIFT_STANDARD_LIBRARIES = YES;
				CLANG_ENABLE_MODULES = YES;
				CODE_SIGN_STYLE = Automatic;
				DEVELOPMENT_TEAM = PDS2N83HDN;
				INFOPLIST_FILE = "WeChat-SwiftUIUITests/Info.plist";
				LD_RUNPATH_SEARCH_PATHS = (
					"$(inherited)",
					"@executable_path/Frameworks",
					"@loader_path/Frameworks",
				);
				PRODUCT_BUNDLE_IDENTIFIER = "com.lebron.WeChat-SwiftUIUITests";
				PRODUCT_NAME = "$(TARGET_NAME)";
				SWIFT_OPTIMIZATION_LEVEL = "-Onone";
				SWIFT_VERSION = 5.0;
				TARGETED_DEVICE_FAMILY = "1,2";
				TEST_TARGET_NAME = "WeChat-SwiftUI";
			};
			name = Debug;
		};
		FDCC7244266E254E00A48140 /* Release */ = {
			isa = XCBuildConfiguration;
			buildSettings = {
				ALWAYS_EMBED_SWIFT_STANDARD_LIBRARIES = YES;
				CLANG_ENABLE_MODULES = YES;
				CODE_SIGN_STYLE = Automatic;
				DEVELOPMENT_TEAM = PDS2N83HDN;
				INFOPLIST_FILE = "WeChat-SwiftUIUITests/Info.plist";
				LD_RUNPATH_SEARCH_PATHS = (
					"$(inherited)",
					"@executable_path/Frameworks",
					"@loader_path/Frameworks",
				);
				PRODUCT_BUNDLE_IDENTIFIER = "com.lebron.WeChat-SwiftUIUITests";
				PRODUCT_NAME = "$(TARGET_NAME)";
				SWIFT_VERSION = 5.0;
				TARGETED_DEVICE_FAMILY = "1,2";
				TEST_TARGET_NAME = "WeChat-SwiftUI";
			};
			name = Release;
		};
/* End XCBuildConfiguration section */

/* Begin XCConfigurationList section */
		FDCC7212266E254D00A48140 /* Build configuration list for PBXProject "WeChat-SwiftUI" */ = {
			isa = XCConfigurationList;
			buildConfigurations = (
				FDCC723A266E254E00A48140 /* Debug */,
				FDCC723B266E254E00A48140 /* Release */,
			);
			defaultConfigurationIsVisible = 0;
			defaultConfigurationName = Release;
		};
		FDCC723C266E254E00A48140 /* Build configuration list for PBXNativeTarget "WeChat-SwiftUI" */ = {
			isa = XCConfigurationList;
			buildConfigurations = (
				FDCC723D266E254E00A48140 /* Debug */,
				FDCC723E266E254E00A48140 /* Release */,
			);
			defaultConfigurationIsVisible = 0;
			defaultConfigurationName = Release;
		};
		FDCC723F266E254E00A48140 /* Build configuration list for PBXNativeTarget "WeChat-SwiftUITests" */ = {
			isa = XCConfigurationList;
			buildConfigurations = (
				FDCC7240266E254E00A48140 /* Debug */,
				FDCC7241266E254E00A48140 /* Release */,
			);
			defaultConfigurationIsVisible = 0;
			defaultConfigurationName = Release;
		};
		FDCC7242266E254E00A48140 /* Build configuration list for PBXNativeTarget "WeChat-SwiftUIUITests" */ = {
			isa = XCConfigurationList;
			buildConfigurations = (
				FDCC7243266E254E00A48140 /* Debug */,
				FDCC7244266E254E00A48140 /* Release */,
			);
			defaultConfigurationIsVisible = 0;
			defaultConfigurationName = Release;
		};
/* End XCConfigurationList section */

/* Begin XCRemoteSwiftPackageReference section */
		FD882779267F305800BBEAB6 /* XCRemoteSwiftPackageReference "SwiftUIRedux" */ = {
			isa = XCRemoteSwiftPackageReference;
			repositoryURL = "file:///Users/lebron/Documents/Lebron/my-projects/SwiftUIRedux";
			requirement = {
				kind = upToNextMajorVersion;
				minimumVersion = 0.0.11;
			};
		};
		FDCC7261266F59EC00A48140 /* XCRemoteSwiftPackageReference "Kickstarter-Prelude" */ = {
			isa = XCRemoteSwiftPackageReference;
			repositoryURL = "https://github.com/Lebron1992/Kickstarter-Prelude.git";
			requirement = {
				kind = upToNextMajorVersion;
				minimumVersion = 0.0.1;
			};
		};
/* End XCRemoteSwiftPackageReference section */

/* Begin XCSwiftPackageProductDependency section */
		FD88277A267F305800BBEAB6 /* SwiftUIRedux */ = {
			isa = XCSwiftPackageProductDependency;
			package = FD882779267F305800BBEAB6 /* XCRemoteSwiftPackageReference "SwiftUIRedux" */;
			productName = SwiftUIRedux;
		};
		FDCC7262266F59EC00A48140 /* Kickstarter-Prelude */ = {
			isa = XCSwiftPackageProductDependency;
			package = FDCC7261266F59EC00A48140 /* XCRemoteSwiftPackageReference "Kickstarter-Prelude" */;
			productName = "Kickstarter-Prelude";
		};
/* End XCSwiftPackageProductDependency section */
	};
	rootObject = FDCC720F266E254D00A48140 /* Project object */;
}
