{
  "pins" : [
    {
      "identity" : "alamofire",
      "kind" : "remoteSourceControl",
      "location" : "https://github.com/Alamofire/Alamofire.git",
      "state" : {
        "revision" : "d120af1e8638c7da36c8481fd61a66c0c08dc4fc",
        "version" : "5.4.4"
      }
    },
    {
      "identity" : "alamofireimage",
      "kind" : "remoteSourceControl",
      "location" : "https://github.com/Alamofire/AlamofireImage.git",
      "state" : {
        "revision" : "98cbb00ce0ec5fc8e52a5b50a6bfc08d3e5aee10",
        "version" : "4.2.0"
      }
    },
    {
      "identity" : "combine-schedulers",
      "kind" : "remoteSourceControl",
      "location" : "https://github.com/pointfreeco/combine-schedulers",
      "state" : {
        "revision" : "882ac01eb7ef9e36d4467eb4b1151e74fcef85ab",
        "version" : "0.9.1"
      }
    },
    {
      "identity" : "kickstarter-prelude",
      "kind" : "remoteSourceControl",
      "location" : "https://github.com/Lebron1992/Kickstarter-Prelude.git",
      "state" : {
        "branch" : "main",
        "revision" : "7dfaa2a8d2aa5768aceb9f8114b6a0b91957dee5"
      }
    },
    {
      "identity" : "lbjimagepreviewer",
      "kind" : "remoteSourceControl",
      "location" : "https://github.com/Lebron1992/LBJImagePreviewer",
      "state" : {
        "branch" : "main",
        "revision" : "1bbbbc67ca05c133dee7526e233e3161adcabcd9"
      }
    },
    {
      "identity" : "lbjmediabrowser",
      "kind" : "remoteSourceControl",
      "location" : "https://github.com/Lebron1992/LBJMediaBrowser",
      "state" : {
        "branch" : "main",
        "revision" : "092d803ca32d6eb9ea3feaf4d53cb38bdcd075c3"
      }
    },
    {
      "identity" : "lbjpublishers",
      "kind" : "remoteSourceControl",
      "location" : "https://github.com/Lebron1992/LBJPublishers.git",
      "state" : {
        "branch" : "main",
        "revision" : "c0b3aab6e0c2de331f6bd73e69285ffc8298aac2"
      }
    },
    {
      "identity" : "swift-case-paths",
      "kind" : "remoteSourceControl",
      "location" : "https://github.com/pointfreeco/swift-case-paths",
      "state" : {
        "revision" : "bb436421f57269fbcfe7360735985321585a86e5",
        "version" : "0.10.1"
      }
    },
    {
      "identity" : "swift-clocks",
      "kind" : "remoteSourceControl",
      "location" : "https://github.com/pointfreeco/swift-clocks",
      "state" : {
        "revision" : "20b25ca0dd88ebfb9111ec937814ddc5a8880172",
        "version" : "0.2.0"
      }
    },
    {
      "identity" : "swift-collections",
      "kind" : "remoteSourceControl",
      "location" : "https://github.com/apple/swift-collections",
      "state" : {
        "revision" : "48254824bb4248676bf7ce56014ff57b142b77eb",
        "version" : "1.0.2"
      }
    },
    {
      "identity" : "swift-composable-architecture",
      "kind" : "remoteSourceControl",
      "location" : "https://github.com/pointfreeco/swift-composable-architecture",
      "state" : {
        "branch" : "main",
        "revision" : "52dca7e5edd6ec9e0b529380843a8cb13f57d7d7"
      }
    },
    {
      "identity" : "swift-custom-dump",
      "kind" : "remoteSourceControl",
      "location" : "https://github.com/pointfreeco/swift-custom-dump",
      "state" : {
        "revision" : "ead7d30cc224c3642c150b546f4f1080d1c411a8",
        "version" : "0.6.1"
      }
    },
    {
      "identity" : "swift-identified-collections",
      "kind" : "remoteSourceControl",
      "location" : "https://github.com/pointfreeco/swift-identified-collections",
      "state" : {
        "revision" : "a08887de589e3829d488e0b4b707b2ca804b1060",
        "version" : "0.5.0"
      }
    },
    {
      "identity" : "swiftuiredux",
      "kind" : "remoteSourceControl",
      "location" : "https://github.com/Lebron1992/SwiftUIRedux.git",
      "state" : {
        "branch" : "main",
        "revision" : "f5e52895ecab757200c7bc61928f9f0d58ed7b00"
      }
    },
    {
      "identity" : "url-image",
      "kind" : "remoteSourceControl",
      "location" : "https://github.com/dmytro-anokhin/url-image.git",
      "state" : {
        "revision" : "a55b6597f6ce67dfbdc136ecfb8c8436b14ca41d",
        "version" : "3.1.0"
      }
    },
    {
      "identity" : "xctest-dynamic-overlay",
      "kind" : "remoteSourceControl",
      "location" : "https://github.com/pointfreeco/xctest-dynamic-overlay",
      "state" : {
        "revision" : "5a5457a744239896e9b0b03a8e1a5069c3e7b91f",
        "version" : "0.6.0"
      }
    }
  ],
  "version" : 2
}
