{
  "object": {
    "pins": [
      {
        "package": "Alamofire",
        "repositoryURL": "https://github.com/Alamofire/Alamofire.git",
        "state": {
          "branch": null,
          "revision": "d120af1e8638c7da36c8481fd61a66c0c08dc4fc",
          "version": "5.4.4"
        }
      },
      {
        "package": "AlamofireImage",
        "repositoryURL": "https://github.com/Alamofire/AlamofireImage.git",
        "state": {
          "branch": null,
          "revision": "98cbb00ce0ec5fc8e52a5b50a6bfc08d3e5aee10",
          "version": "4.2.0"
        }
      },
      {
        "package": "Kickstarter-Prelude",
        "repositoryURL": "https://github.com/Lebron1992/Kickstarter-Prelude.git",
        "state": {
          "branch": "main",
          "revision": "7dfaa2a8d2aa5768aceb9f8114b6a0b91957dee5",
          "version": null
        }
      },
      {
        "package": "LBJImagePreviewer",
        "repositoryURL": "https://github.com/Lebron1992/LBJImagePreviewer",
        "state": {
          "branch": "main",
          "revision": "1bbbbc67ca05c133dee7526e233e3161adcabcd9",
          "version": null
        }
      },
      {
        "package": "LBJMediaBrowser",
        "repositoryURL": "https://github.com/Lebron1992/LBJMediaBrowser",
        "state": {
          "branch": "main",
          "revision": "092d803ca32d6eb9ea3feaf4d53cb38bdcd075c3",
          "version": null
        }
      },
      {
        "package": "SwiftUIRedux",
        "repositoryURL": "/Users/lebron/Documents/Lebron/my-projects/SwiftUIRedux",
        "state": {
          "branch": "main",
          "revision": "f5e52895ecab757200c7bc61928f9f0d58ed7b00",
          "version": null
        }
      },
      {
        "package": "URLImage",
        "repositoryURL": "https://github.com/dmytro-anokhin/url-image.git",
        "state": {
          "branch": null,
          "revision": "a55b6597f6ce67dfbdc136ecfb8c8436b14ca41d",
          "version": "3.1.0"
        }
      }
    ]
  },
  "version": 1
}
