{
  "object": {
    "pins": [
      {
        "package": "Kickstarter-Prelude",
        "repositoryURL": "https://github.com/Lebron1992/Kickstarter-Prelude.git",
        "state": {
          "branch": null,
          "revision": "7dfaa2a8d2aa5768aceb9f8114b6a0b91957dee5",
          "version": "0.0.1"
        }
      },
      {
        "package": "SwiftUIRedux",
        "repositoryURL": "https://github.com/Lebron1992/SwiftUIRedux.git",
        "state": {
          "branch": null,
          "revision": "f5008d52603beacbcb783d73d62503b19dd69658",
          "version": "0.0.8"
        }
      }
    ]
  },
  "version": 1
}
